
Microsoft Visual Studio Solution File, Format Version 12.00
# Visual Studio 14
VisualStudioVersion = 14.0.25420.1
MinimumVisualStudioVersion = 10.0.40219.1
Project("{2150E333-8FDC-42A3-9474-1A3956D46DE8}") = "Solution Items", "Solution Items", "{AAFC7935-A4D6-40F0-9340-CBB915D10517}"
	ProjectSection(SolutionItems) = preProject
		Master.proj = Master.proj
		README.md = README.md
	EndProjectSection
EndProject
Project("{2150E333-8FDC-42A3-9474-1A3956D46DE8}") = "src", "src", "{4F3A8D7B-CBC3-489C-B933-38611275185C}"
EndProject
Project("{2150E333-8FDC-42A3-9474-1A3956D46DE8}") = "test", "test", "{2749AAED-3010-468E-88B7-B86438F20BD8}"
EndProject
Project("{8BB2217D-0F2D-49D1-97BC-3654ED321F3B}") = "DataGenerator", "src\DataGenerator\DataGenerator.xproj", "{54A7A50D-FE62-45BF-B978-B26A59CB37FA}"
EndProject
Project("{8BB2217D-0F2D-49D1-97BC-3654ED321F3B}") = "DataGenerator.Tests", "test\DataGenerator.Tests\DataGenerator.Tests.xproj", "{7525ABFC-D6E5-48E4-9F60-571D54B94141}"
EndProject
Global
	GlobalSection(SolutionConfigurationPlatforms) = preSolution
		Debug|Any CPU = Debug|Any CPU
		Release|Any CPU = Release|Any CPU
	EndGlobalSection
	GlobalSection(ProjectConfigurationPlatforms) = postSolution
		{54A7A50D-FE62-45BF-B978-B26A59CB37FA}.Debug|Any CPU.ActiveCfg = Debug|Any CPU
		{54A7A50D-FE62-45BF-B978-B26A59CB37FA}.Debug|Any CPU.Build.0 = Debug|Any CPU
		{54A7A50D-FE62-45BF-B978-B26A59CB37FA}.Release|Any CPU.ActiveCfg = Release|Any CPU
		{54A7A50D-FE62-45BF-B978-B26A59CB37FA}.Release|Any CPU.Build.0 = Release|Any CPU
		{7525ABFC-D6E5-48E4-9F60-571D54B94141}.Debug|Any CPU.ActiveCfg = Debug|Any CPU
		{7525ABFC-D6E5-48E4-9F60-571D54B94141}.Debug|Any CPU.Build.0 = Debug|Any CPU
		{7525ABFC-D6E5-48E4-9F60-571D54B94141}.Release|Any CPU.ActiveCfg = Release|Any CPU
		{7525ABFC-D6E5-48E4-9F60-571D54B94141}.Release|Any CPU.Build.0 = Release|Any CPU
	EndGlobalSection
	GlobalSection(SolutionProperties) = preSolution
		HideSolutionNode = FALSE
	EndGlobalSection
	GlobalSection(NestedProjects) = preSolution
		{54A7A50D-FE62-45BF-B978-B26A59CB37FA} = {4F3A8D7B-CBC3-489C-B933-38611275185C}
		{7525ABFC-D6E5-48E4-9F60-571D54B94141} = {2749AAED-3010-468E-88B7-B86438F20BD8}
	EndGlobalSection
EndGlobal
