
Microsoft Visual Studio Solution File, Format Version 12.00
# Visual Studio 14
VisualStudioVersion = 14.0.24627.0
MinimumVisualStudioVersion = 10.0.40219.1
Project("{FAE04EC0-301F-11D3-BF4B-00C04F79EFBC}") = "DataGenerator", "DataGenerator\DataGenerator.csproj", "{54A7A50D-FE62-45BF-B978-B26A59CB37FA}"
EndProject
Project("{FAE04EC0-301F-11D3-BF4B-00C04F79EFBC}") = "DataGenerator.Tests", "DataGenerator.Tests\DataGenerator.Tests.csproj", "{7525ABFC-D6E5-48E4-9F60-571D54B94141}"
EndProject
Project("{2150E333-8FDC-42A3-9474-1A3956D46DE8}") = "Solution Items", "Solution Items", "{AAFC7935-A4D6-40F0-9340-CBB915D10517}"
	ProjectSection(SolutionItems) = preProject
		..\README.md = ..\README.md
	EndProjectSection
EndProject
Global
	GlobalSection(SolutionConfigurationPlatforms) = preSolution
		Debug|Any CPU = Debug|Any CPU
		Release|Any CPU = Release|Any CPU
	EndGlobalSection
	GlobalSection(ProjectConfigurationPlatforms) = postSolution
		{54A7A50D-FE62-45BF-B978-B26A59CB37FA}.Debug|Any CPU.ActiveCfg = Debug|Any CPU
		{54A7A50D-FE62-45BF-B978-B26A59CB37FA}.Debug|Any CPU.Build.0 = Debug|Any CPU
		{54A7A50D-FE62-45BF-B978-B26A59CB37FA}.Release|Any CPU.ActiveCfg = Release|Any CPU
		{54A7A50D-FE62-45BF-B978-B26A59CB37FA}.Release|Any CPU.Build.0 = Release|Any CPU
		{7525ABFC-D6E5-48E4-9F60-571D54B94141}.Debug|Any CPU.ActiveCfg = Debug|Any CPU
		{7525ABFC-D6E5-48E4-9F60-571D54B94141}.Debug|Any CPU.Build.0 = Debug|Any CPU
		{7525ABFC-D6E5-48E4-9F60-571D54B94141}.Release|Any CPU.ActiveCfg = Release|Any CPU
		{7525ABFC-D6E5-48E4-9F60-571D54B94141}.Release|Any CPU.Build.0 = Release|Any CPU
	EndGlobalSection
	GlobalSection(SolutionProperties) = preSolution
		HideSolutionNode = FALSE
	EndGlobalSection
EndGlobal
